github.com/Kuroshiel/go-say-hello1 v1.0.0 h1:tCxyGa9XLdRpNyuVARZcmFN9zjL66y/Nlstda5xZaRY=
github.com/Kuroshiel/go-say-hello1 v1.0.0/go.mod h1:f5BEvWRljCPPTjGkgVg8AtDlo9dkQ/3SIM60WO92vb8=
github.com/Kuroshiel/go-say-hello1 v1.5.0 h1:GtNwooYnOljHxF6AZ8rZSyo6oMq5ccvHrp1lsaklpYo=
github.com/Kuroshiel/go-say-hello1 v1.5.0/go.mod h1:f5BEvWRljCPPTjGkgVg8AtDlo9dkQ/3SIM60WO92vb8=
github.com/Kuroshiel/go-say-hello1/v2 v2.0.0 h1:O37kOTt3v0R/oJG7lClhtzPDdxiYppThwLctn3JjfGI=
github.com/Kuroshiel/go-say-hello1/v2 v2.0.0/go.mod h1:6kb4aY3W4yPi7N0zI/O+tVsWObsAE5+ucq9VXOXsttE=
